
Microsoft Visual Studio Solution File, Format Version 12.00
# Visual Studio Version 16
VisualStudioVersion = 16.0.30114.105
MinimumVisualStudioVersion = 10.0.40219.1
Project("{FAE04EC0-301F-11D3-BF4B-00C04F79EFBC}") = "API", "API\API.csproj", "{623892FB-7D9C-49B2-8294-102C4096D56F}"
EndProject
Project("{FAE04EC0-301F-11D3-BF4B-00C04F79EFBC}") = "Application", "Application\Application.csproj", "{32F56F22-0CD8-401E-ABE0-881726696271}"
EndProject
Project("{FAE04EC0-301F-11D3-BF4B-00C04F79EFBC}") = "Persistence", "Persistence\Persistence.csproj", "{2BCAEF57-A235-4CB5-BAE5-A524915817CD}"
EndProject
Project("{FAE04EC0-301F-11D3-BF4B-00C04F79EFBC}") = "Domain", "Domain\Domain.csproj", "{38BAC3E3-1279-47E5-B169-07DA5CC45A65}"
EndProject
Global
	GlobalSection(SolutionConfigurationPlatforms) = preSolution
		Debug|Any CPU = Debug|Any CPU
		Debug|x64 = Debug|x64
		Debug|x86 = Debug|x86
		Release|Any CPU = Release|Any CPU
		Release|x64 = Release|x64
		Release|x86 = Release|x86
	EndGlobalSection
	GlobalSection(SolutionProperties) = preSolution
		HideSolutionNode = FALSE
	EndGlobalSection
	GlobalSection(ProjectConfigurationPlatforms) = postSolution
		{623892FB-7D9C-49B2-8294-102C4096D56F}.Debug|Any CPU.ActiveCfg = Debug|Any CPU
		{623892FB-7D9C-49B2-8294-102C4096D56F}.Debug|Any CPU.Build.0 = Debug|Any CPU
		{623892FB-7D9C-49B2-8294-102C4096D56F}.Debug|x64.ActiveCfg = Debug|Any CPU
		{623892FB-7D9C-49B2-8294-102C4096D56F}.Debug|x64.Build.0 = Debug|Any CPU
		{623892FB-7D9C-49B2-8294-102C4096D56F}.Debug|x86.ActiveCfg = Debug|Any CPU
		{623892FB-7D9C-49B2-8294-102C4096D56F}.Debug|x86.Build.0 = Debug|Any CPU
		{623892FB-7D9C-49B2-8294-102C4096D56F}.Release|Any CPU.ActiveCfg = Release|Any CPU
		{623892FB-7D9C-49B2-8294-102C4096D56F}.Release|Any CPU.Build.0 = Release|Any CPU
		{623892FB-7D9C-49B2-8294-102C4096D56F}.Release|x64.ActiveCfg = Release|Any CPU
		{623892FB-7D9C-49B2-8294-102C4096D56F}.Release|x64.Build.0 = Release|Any CPU
		{623892FB-7D9C-49B2-8294-102C4096D56F}.Release|x86.ActiveCfg = Release|Any CPU
		{623892FB-7D9C-49B2-8294-102C4096D56F}.Release|x86.Build.0 = Release|Any CPU
		{32F56F22-0CD8-401E-ABE0-881726696271}.Debug|Any CPU.ActiveCfg = Debug|Any CPU
		{32F56F22-0CD8-401E-ABE0-881726696271}.Debug|Any CPU.Build.0 = Debug|Any CPU
		{32F56F22-0CD8-401E-ABE0-881726696271}.Debug|x64.ActiveCfg = Debug|Any CPU
		{32F56F22-0CD8-401E-ABE0-881726696271}.Debug|x64.Build.0 = Debug|Any CPU
		{32F56F22-0CD8-401E-ABE0-881726696271}.Debug|x86.ActiveCfg = Debug|Any CPU
		{32F56F22-0CD8-401E-ABE0-881726696271}.Debug|x86.Build.0 = Debug|Any CPU
		{32F56F22-0CD8-401E-ABE0-881726696271}.Release|Any CPU.ActiveCfg = Release|Any CPU
		{32F56F22-0CD8-401E-ABE0-881726696271}.Release|Any CPU.Build.0 = Release|Any CPU
		{32F56F22-0CD8-401E-ABE0-881726696271}.Release|x64.ActiveCfg = Release|Any CPU
		{32F56F22-0CD8-401E-ABE0-881726696271}.Release|x64.Build.0 = Release|Any CPU
		{32F56F22-0CD8-401E-ABE0-881726696271}.Release|x86.ActiveCfg = Release|Any CPU
		{32F56F22-0CD8-401E-ABE0-881726696271}.Release|x86.Build.0 = Release|Any CPU
		{2BCAEF57-A235-4CB5-BAE5-A524915817CD}.Debug|Any CPU.ActiveCfg = Debug|Any CPU
		{2BCAEF57-A235-4CB5-BAE5-A524915817CD}.Debug|Any CPU.Build.0 = Debug|Any CPU
		{2BCAEF57-A235-4CB5-BAE5-A524915817CD}.Debug|x64.ActiveCfg = Debug|Any CPU
		{2BCAEF57-A235-4CB5-BAE5-A524915817CD}.Debug|x64.Build.0 = Debug|Any CPU
		{2BCAEF57-A235-4CB5-BAE5-A524915817CD}.Debug|x86.ActiveCfg = Debug|Any CPU
		{2BCAEF57-A235-4CB5-BAE5-A524915817CD}.Debug|x86.Build.0 = Debug|Any CPU
		{2BCAEF57-A235-4CB5-BAE5-A524915817CD}.Release|Any CPU.ActiveCfg = Release|Any CPU
		{2BCAEF57-A235-4CB5-BAE5-A524915817CD}.Release|Any CPU.Build.0 = Release|Any CPU
		{2BCAEF57-A235-4CB5-BAE5-A524915817CD}.Release|x64.ActiveCfg = Release|Any CPU
		{2BCAEF57-A235-4CB5-BAE5-A524915817CD}.Release|x64.Build.0 = Release|Any CPU
		{2BCAEF57-A235-4CB5-BAE5-A524915817CD}.Release|x86.ActiveCfg = Release|Any CPU
		{2BCAEF57-A235-4CB5-BAE5-A524915817CD}.Release|x86.Build.0 = Release|Any CPU
		{38BAC3E3-1279-47E5-B169-07DA5CC45A65}.Debug|Any CPU.ActiveCfg = Debug|Any CPU
		{38BAC3E3-1279-47E5-B169-07DA5CC45A65}.Debug|Any CPU.Build.0 = Debug|Any CPU
		{38BAC3E3-1279-47E5-B169-07DA5CC45A65}.Debug|x64.ActiveCfg = Debug|Any CPU
		{38BAC3E3-1279-47E5-B169-07DA5CC45A65}.Debug|x64.Build.0 = Debug|Any CPU
		{38BAC3E3-1279-47E5-B169-07DA5CC45A65}.Debug|x86.ActiveCfg = Debug|Any CPU
		{38BAC3E3-1279-47E5-B169-07DA5CC45A65}.Debug|x86.Build.0 = Debug|Any CPU
		{38BAC3E3-1279-47E5-B169-07DA5CC45A65}.Release|Any CPU.ActiveCfg = Release|Any CPU
		{38BAC3E3-1279-47E5-B169-07DA5CC45A65}.Release|Any CPU.Build.0 = Release|Any CPU
		{38BAC3E3-1279-47E5-B169-07DA5CC45A65}.Release|x64.ActiveCfg = Release|Any CPU
		{38BAC3E3-1279-47E5-B169-07DA5CC45A65}.Release|x64.Build.0 = Release|Any CPU
		{38BAC3E3-1279-47E5-B169-07DA5CC45A65}.Release|x86.ActiveCfg = Release|Any CPU
		{38BAC3E3-1279-47E5-B169-07DA5CC45A65}.Release|x86.Build.0 = Release|Any CPU
	EndGlobalSection
EndGlobal
